
Microsoft Visual Studio Solution File, Format Version 12.00
# Visual Studio Version 17
VisualStudioVersion = 17.5.2.0
MinimumVisualStudioVersion = 10.0.40219.1
Project("{FAE04EC0-301F-11D3-BF4B-00C04F79EFBC}") = "TuitionApi", "TuitionApi.csproj", "{9CE3B01B-8D74-819A-5168-170CBD643460}"
EndProject
Project("{FAE04EC0-301F-11D3-BF4B-00C04F79EFBC}") = "TuitionApi.Gateway", "TuitionApi.Gateway\TuitionApi.Gateway.csproj", "{E0EF9F2F-B3E2-4994-9FC9-145F981BCE7F}"
EndProject
Global
	GlobalSection(SolutionConfigurationPlatforms) = preSolution
		Debug|Any CPU = Debug|Any CPU
		Debug|x64 = Debug|x64
		Debug|x86 = Debug|x86
		Release|Any CPU = Release|Any CPU
		Release|x64 = Release|x64
		Release|x86 = Release|x86
	EndGlobalSection
	GlobalSection(ProjectConfigurationPlatforms) = postSolution
		{9CE3B01B-8D74-819A-5168-170CBD643460}.Debug|Any CPU.ActiveCfg = Debug|Any CPU
		{9CE3B01B-8D74-819A-5168-170CBD643460}.Debug|Any CPU.Build.0 = Debug|Any CPU
		{9CE3B01B-8D74-819A-5168-170CBD643460}.Debug|x64.ActiveCfg = Debug|Any CPU
		{9CE3B01B-8D74-819A-5168-170CBD643460}.Debug|x64.Build.0 = Debug|Any CPU
		{9CE3B01B-8D74-819A-5168-170CBD643460}.Debug|x86.ActiveCfg = Debug|Any CPU
		{9CE3B01B-8D74-819A-5168-170CBD643460}.Debug|x86.Build.0 = Debug|Any CPU
		{9CE3B01B-8D74-819A-5168-170CBD643460}.Release|Any CPU.ActiveCfg = Release|Any CPU
		{9CE3B01B-8D74-819A-5168-170CBD643460}.Release|Any CPU.Build.0 = Release|Any CPU
		{9CE3B01B-8D74-819A-5168-170CBD643460}.Release|x64.ActiveCfg = Release|Any CPU
		{9CE3B01B-8D74-819A-5168-170CBD643460}.Release|x64.Build.0 = Release|Any CPU
		{9CE3B01B-8D74-819A-5168-170CBD643460}.Release|x86.ActiveCfg = Release|Any CPU
		{9CE3B01B-8D74-819A-5168-170CBD643460}.Release|x86.Build.0 = Release|Any CPU
		{E0EF9F2F-B3E2-4994-9FC9-145F981BCE7F}.Debug|Any CPU.ActiveCfg = Debug|Any CPU
		{E0EF9F2F-B3E2-4994-9FC9-145F981BCE7F}.Debug|Any CPU.Build.0 = Debug|Any CPU
		{E0EF9F2F-B3E2-4994-9FC9-145F981BCE7F}.Debug|x64.ActiveCfg = Debug|Any CPU
		{E0EF9F2F-B3E2-4994-9FC9-145F981BCE7F}.Debug|x64.Build.0 = Debug|Any CPU
		{E0EF9F2F-B3E2-4994-9FC9-145F981BCE7F}.Debug|x86.ActiveCfg = Debug|Any CPU
		{E0EF9F2F-B3E2-4994-9FC9-145F981BCE7F}.Debug|x86.Build.0 = Debug|Any CPU
		{E0EF9F2F-B3E2-4994-9FC9-145F981BCE7F}.Release|Any CPU.ActiveCfg = Release|Any CPU
		{E0EF9F2F-B3E2-4994-9FC9-145F981BCE7F}.Release|Any CPU.Build.0 = Release|Any CPU
		{E0EF9F2F-B3E2-4994-9FC9-145F981BCE7F}.Release|x64.ActiveCfg = Release|Any CPU
		{E0EF9F2F-B3E2-4994-9FC9-145F981BCE7F}.Release|x64.Build.0 = Release|Any CPU
		{E0EF9F2F-B3E2-4994-9FC9-145F981BCE7F}.Release|x86.ActiveCfg = Release|Any CPU
		{E0EF9F2F-B3E2-4994-9FC9-145F981BCE7F}.Release|x86.Build.0 = Release|Any CPU
	EndGlobalSection
	GlobalSection(SolutionProperties) = preSolution
		HideSolutionNode = FALSE
	EndGlobalSection
	GlobalSection(ExtensibilityGlobals) = postSolution
		SolutionGuid = {25962C95-B20C-408E-AF5B-9338D3418BA4}
	EndGlobalSection
EndGlobal
